
Microsoft Visual Studio Solution File, Format Version 12.00
# Visual Studio Version 17
Project("{2150E333-8FDC-42A3-9474-1A3956D46DE8}") = "CMakePredefinedTargets", "CMakePredefinedTargets", "{45C55616-1D83-3041-AD20-5C3E449A089B}"
EndProject
Project("{8BC9CEB8-8B4A-11D0-8D11-00A0C91BC942}") = "ALL_BUILD", "ALL_BUILD.vcxproj", "{8A853167-59DF-38CA-B150-D898FD2FEFEA}"
	ProjectSection(ProjectDependencies) = postProject
		{1EE6E5EE-1DC1-3A6A-ACD0-90D88A91CAE4} = {1EE6E5EE-1DC1-3A6A-ACD0-90D88A91CAE4}
		{1B75AB6C-E16E-30D6-84D7-AD52F906977F} = {1B75AB6C-E16E-30D6-84D7-AD52F906977F}
	EndProjectSection
EndProject
Project("{8BC9CEB8-8B4A-11D0-8D11-00A0C91BC942}") = "Project", "Project.vcxproj", "{1EE6E5EE-1DC1-3A6A-ACD0-90D88A91CAE4}"
	ProjectSection(ProjectDependencies) = postProject
		{1B75AB6C-E16E-30D6-84D7-AD52F906977F} = {1B75AB6C-E16E-30D6-84D7-AD52F906977F}
	EndProjectSection
EndProject
Project("{8BC9CEB8-8B4A-11D0-8D11-00A0C91BC942}") = "ZERO_CHECK", "ZERO_CHECK.vcxproj", "{1B75AB6C-E16E-30D6-84D7-AD52F906977F}"
	ProjectSection(ProjectDependencies) = postProject
	EndProjectSection
EndProject
Global
	GlobalSection(SolutionConfigurationPlatforms) = preSolution
		Debug|x64 = Debug|x64
		Release|x64 = Release|x64
		MinSizeRel|x64 = MinSizeRel|x64
		RelWithDebInfo|x64 = RelWithDebInfo|x64
	EndGlobalSection
	GlobalSection(ProjectConfigurationPlatforms) = postSolution
		{8A853167-59DF-38CA-B150-D898FD2FEFEA}.Debug|x64.ActiveCfg = Debug|x64
		{8A853167-59DF-38CA-B150-D898FD2FEFEA}.Release|x64.ActiveCfg = Release|x64
		{8A853167-59DF-38CA-B150-D898FD2FEFEA}.MinSizeRel|x64.ActiveCfg = MinSizeRel|x64
		{8A853167-59DF-38CA-B150-D898FD2FEFEA}.RelWithDebInfo|x64.ActiveCfg = RelWithDebInfo|x64
		{1EE6E5EE-1DC1-3A6A-ACD0-90D88A91CAE4}.Debug|x64.ActiveCfg = Debug|x64
		{1EE6E5EE-1DC1-3A6A-ACD0-90D88A91CAE4}.Debug|x64.Build.0 = Debug|x64
		{1EE6E5EE-1DC1-3A6A-ACD0-90D88A91CAE4}.Release|x64.ActiveCfg = Release|x64
		{1EE6E5EE-1DC1-3A6A-ACD0-90D88A91CAE4}.Release|x64.Build.0 = Release|x64
		{1EE6E5EE-1DC1-3A6A-ACD0-90D88A91CAE4}.MinSizeRel|x64.ActiveCfg = MinSizeRel|x64
		{1EE6E5EE-1DC1-3A6A-ACD0-90D88A91CAE4}.MinSizeRel|x64.Build.0 = MinSizeRel|x64
		{1EE6E5EE-1DC1-3A6A-ACD0-90D88A91CAE4}.RelWithDebInfo|x64.ActiveCfg = RelWithDebInfo|x64
		{1EE6E5EE-1DC1-3A6A-ACD0-90D88A91CAE4}.RelWithDebInfo|x64.Build.0 = RelWithDebInfo|x64
		{1B75AB6C-E16E-30D6-84D7-AD52F906977F}.Debug|x64.ActiveCfg = Debug|x64
		{1B75AB6C-E16E-30D6-84D7-AD52F906977F}.Debug|x64.Build.0 = Debug|x64
		{1B75AB6C-E16E-30D6-84D7-AD52F906977F}.Release|x64.ActiveCfg = Release|x64
		{1B75AB6C-E16E-30D6-84D7-AD52F906977F}.Release|x64.Build.0 = Release|x64
		{1B75AB6C-E16E-30D6-84D7-AD52F906977F}.MinSizeRel|x64.ActiveCfg = MinSizeRel|x64
		{1B75AB6C-E16E-30D6-84D7-AD52F906977F}.MinSizeRel|x64.Build.0 = MinSizeRel|x64
		{1B75AB6C-E16E-30D6-84D7-AD52F906977F}.RelWithDebInfo|x64.ActiveCfg = RelWithDebInfo|x64
		{1B75AB6C-E16E-30D6-84D7-AD52F906977F}.RelWithDebInfo|x64.Build.0 = RelWithDebInfo|x64
	EndGlobalSection
	GlobalSection(NestedProjects) = preSolution
		{8A853167-59DF-38CA-B150-D898FD2FEFEA} = {45C55616-1D83-3041-AD20-5C3E449A089B}
		{1B75AB6C-E16E-30D6-84D7-AD52F906977F} = {45C55616-1D83-3041-AD20-5C3E449A089B}
	EndGlobalSection
	GlobalSection(ExtensibilityGlobals) = postSolution
		SolutionGuid = {07DE984F-10A4-3294-9940-F90D66194E3E}
	EndGlobalSection
	GlobalSection(ExtensibilityAddIns) = postSolution
	EndGlobalSection
EndGlobal
