<?xml version="1.0" encoding="utf-8"?>
<Project ToolsVersion="17.0" xmlns="http://schemas.microsoft.com/developer/msbuild/2003">
  <ItemGroup>
    <CustomBuild Include="D:\CLion 2025.2.2\Project\build-test\CMakeFiles\b138957900a3ae9198ab7d6e452dd997\generate.stamp.rule">
      <Filter>CMake Rules</Filter>
    </CustomBuild>
  </ItemGroup>
  <ItemGroup>
    <Filter Include="CMake Rules">
      <UniqueIdentifier>{49B2E6FB-15E7-329D-9DEC-D278AC5DB04B}</UniqueIdentifier>
    </Filter>
  </ItemGroup>
</Project>
